
Microsoft Visual Studio Solution File, Format Version 12.00
# Visual Studio Version 16
VisualStudioVersion = 16.0.30114.105
MinimumVisualStudioVersion = 10.0.40219.1
Project("{FAE04EC0-301F-11D3-BF4B-00C04F79EFBC}") = "CalculatorConsole", "CalculatorConsole\CalculatorConsole.csproj", "{8489BE9C-F215-4725-B86E-9C28A738EB2C}"
EndProject
Project("{FAE04EC0-301F-11D3-BF4B-00C04F79EFBC}") = "CalculatorLib", "CalculatorLib\CalculatorLib.csproj", "{E82C028D-266D-4E50-9DA9-27E1203179B3}"
EndProject
Project("{FAE04EC0-301F-11D3-BF4B-00C04F79EFBC}") = "CalculatorXUnitTests", "CalculatorXUnitTests\CalculatorXUnitTests.csproj", "{C938F123-3B2F-4EE5-9966-B098E9555638}"
EndProject
Global
	GlobalSection(SolutionConfigurationPlatforms) = preSolution
		Debug|Any CPU = Debug|Any CPU
		Debug|x64 = Debug|x64
		Debug|x86 = Debug|x86
		Release|Any CPU = Release|Any CPU
		Release|x64 = Release|x64
		Release|x86 = Release|x86
	EndGlobalSection
	GlobalSection(SolutionProperties) = preSolution
		HideSolutionNode = FALSE
	EndGlobalSection
	GlobalSection(ProjectConfigurationPlatforms) = postSolution
		{8489BE9C-F215-4725-B86E-9C28A738EB2C}.Debug|Any CPU.ActiveCfg = Debug|Any CPU
		{8489BE9C-F215-4725-B86E-9C28A738EB2C}.Debug|Any CPU.Build.0 = Debug|Any CPU
		{8489BE9C-F215-4725-B86E-9C28A738EB2C}.Debug|x64.ActiveCfg = Debug|Any CPU
		{8489BE9C-F215-4725-B86E-9C28A738EB2C}.Debug|x64.Build.0 = Debug|Any CPU
		{8489BE9C-F215-4725-B86E-9C28A738EB2C}.Debug|x86.ActiveCfg = Debug|Any CPU
		{8489BE9C-F215-4725-B86E-9C28A738EB2C}.Debug|x86.Build.0 = Debug|Any CPU
		{8489BE9C-F215-4725-B86E-9C28A738EB2C}.Release|Any CPU.ActiveCfg = Release|Any CPU
		{8489BE9C-F215-4725-B86E-9C28A738EB2C}.Release|Any CPU.Build.0 = Release|Any CPU
		{8489BE9C-F215-4725-B86E-9C28A738EB2C}.Release|x64.ActiveCfg = Release|Any CPU
		{8489BE9C-F215-4725-B86E-9C28A738EB2C}.Release|x64.Build.0 = Release|Any CPU
		{8489BE9C-F215-4725-B86E-9C28A738EB2C}.Release|x86.ActiveCfg = Release|Any CPU
		{8489BE9C-F215-4725-B86E-9C28A738EB2C}.Release|x86.Build.0 = Release|Any CPU
		{E82C028D-266D-4E50-9DA9-27E1203179B3}.Debug|Any CPU.ActiveCfg = Debug|Any CPU
		{E82C028D-266D-4E50-9DA9-27E1203179B3}.Debug|Any CPU.Build.0 = Debug|Any CPU
		{E82C028D-266D-4E50-9DA9-27E1203179B3}.Debug|x64.ActiveCfg = Debug|Any CPU
		{E82C028D-266D-4E50-9DA9-27E1203179B3}.Debug|x64.Build.0 = Debug|Any CPU
		{E82C028D-266D-4E50-9DA9-27E1203179B3}.Debug|x86.ActiveCfg = Debug|Any CPU
		{E82C028D-266D-4E50-9DA9-27E1203179B3}.Debug|x86.Build.0 = Debug|Any CPU
		{E82C028D-266D-4E50-9DA9-27E1203179B3}.Release|Any CPU.ActiveCfg = Release|Any CPU
		{E82C028D-266D-4E50-9DA9-27E1203179B3}.Release|Any CPU.Build.0 = Release|Any CPU
		{E82C028D-266D-4E50-9DA9-27E1203179B3}.Release|x64.ActiveCfg = Release|Any CPU
		{E82C028D-266D-4E50-9DA9-27E1203179B3}.Release|x64.Build.0 = Release|Any CPU
		{E82C028D-266D-4E50-9DA9-27E1203179B3}.Release|x86.ActiveCfg = Release|Any CPU
		{E82C028D-266D-4E50-9DA9-27E1203179B3}.Release|x86.Build.0 = Release|Any CPU
		{C938F123-3B2F-4EE5-9966-B098E9555638}.Debug|Any CPU.ActiveCfg = Debug|Any CPU
		{C938F123-3B2F-4EE5-9966-B098E9555638}.Debug|Any CPU.Build.0 = Debug|Any CPU
		{C938F123-3B2F-4EE5-9966-B098E9555638}.Debug|x64.ActiveCfg = Debug|Any CPU
		{C938F123-3B2F-4EE5-9966-B098E9555638}.Debug|x64.Build.0 = Debug|Any CPU
		{C938F123-3B2F-4EE5-9966-B098E9555638}.Debug|x86.ActiveCfg = Debug|Any CPU
		{C938F123-3B2F-4EE5-9966-B098E9555638}.Debug|x86.Build.0 = Debug|Any CPU
		{C938F123-3B2F-4EE5-9966-B098E9555638}.Release|Any CPU.ActiveCfg = Release|Any CPU
		{C938F123-3B2F-4EE5-9966-B098E9555638}.Release|Any CPU.Build.0 = Release|Any CPU
		{C938F123-3B2F-4EE5-9966-B098E9555638}.Release|x64.ActiveCfg = Release|Any CPU
		{C938F123-3B2F-4EE5-9966-B098E9555638}.Release|x64.Build.0 = Release|Any CPU
		{C938F123-3B2F-4EE5-9966-B098E9555638}.Release|x86.ActiveCfg = Release|Any CPU
		{C938F123-3B2F-4EE5-9966-B098E9555638}.Release|x86.Build.0 = Release|Any CPU
	EndGlobalSection
EndGlobal
